// !$*UTF8*$!
{
	archiveVersion = 1;
	classes = {
	};
	objectVersion = 50;
	objects = {

/* Begin PBXBuildFile section */
		B28228E7CA8C7CCA8AE6DE61 /* Pods_alyef.framework in Frameworks */ = {isa = PBXBuildFile; fileRef = EB119D88D6A5053C29A7BEDA /* Pods_alyef.framework */; };
		D1C4641C222FA34E00ABEF1A /* Splash.swift in Sources */ = {isa = PBXBuildFile; fileRef = D1C4641B222FA34E00ABEF1A /* Splash.swift */; };
		D1C4642B222FA88400ABEF1A /* Extes.swift in Sources */ = {isa = PBXBuildFile; fileRef = D1C46426222FA88400ABEF1A /* Extes.swift */; };
		D1C4642C222FA88400ABEF1A /* SysConnection.swift in Sources */ = {isa = PBXBuildFile; fileRef = D1C46427222FA88400ABEF1A /* SysConnection.swift */; };
		D1C4642D222FA88400ABEF1A /* CheckInternet.swift in Sources */ = {isa = PBXBuildFile; fileRef = D1C46428222FA88400ABEF1A /* CheckInternet.swift */; };
		D1C4642E222FA88400ABEF1A /* RemoveKeyboard.swift in Sources */ = {isa = PBXBuildFile; fileRef = D1C46429222FA88400ABEF1A /* RemoveKeyboard.swift */; };
		D1C4642F222FA88400ABEF1A /* SysJsonData.swift in Sources */ = {isa = PBXBuildFile; fileRef = D1C4642A222FA88400ABEF1A /* SysJsonData.swift */; };
		D1C46432222FA8BC00ABEF1A /* jana.ttf in Resources */ = {isa = PBXBuildFile; fileRef = D1C46431222FA8BC00ABEF1A /* jana.ttf */; };
		D1C46436222FA90E00ABEF1A /* API.swift in Sources */ = {isa = PBXBuildFile; fileRef = D1C46434222FA90E00ABEF1A /* API.swift */; };
		D1C4643B222FB5AA00ABEF1A /* Advertise.swift in Sources */ = {isa = PBXBuildFile; fileRef = D1C4643A222FB5AA00ABEF1A /* Advertise.swift */; };
		D1C4643D222FBEC500ABEF1A /* GlobalVariables.swift in Sources */ = {isa = PBXBuildFile; fileRef = D1C4643C222FBEC500ABEF1A /* GlobalVariables.swift */; };
		D1C46440222FC0B400ABEF1A /* Mintainans_Servise.swift in Sources */ = {isa = PBXBuildFile; fileRef = D1C4643F222FC0B400ABEF1A /* Mintainans_Servise.swift */; };
		D1CB961A222D66620046C0C9 /* AppDelegate.swift in Sources */ = {isa = PBXBuildFile; fileRef = D1CB9619222D66620046C0C9 /* AppDelegate.swift */; };
		D1CB961C222D66620046C0C9 /* ViewController.swift in Sources */ = {isa = PBXBuildFile; fileRef = D1CB961B222D66620046C0C9 /* ViewController.swift */; };
		D1CB961F222D66620046C0C9 /* Main.storyboard in Resources */ = {isa = PBXBuildFile; fileRef = D1CB961D222D66620046C0C9 /* Main.storyboard */; };
		D1CB9622222D66620046C0C9 /* alyef.xcdatamodeld in Sources */ = {isa = PBXBuildFile; fileRef = D1CB9620222D66620046C0C9 /* alyef.xcdatamodeld */; };
		D1CB9624222D66660046C0C9 /* Assets.xcassets in Resources */ = {isa = PBXBuildFile; fileRef = D1CB9623222D66660046C0C9 /* Assets.xcassets */; };
		D1CB9627222D66660046C0C9 /* LaunchScreen.storyboard in Resources */ = {isa = PBXBuildFile; fileRef = D1CB9625222D66660046C0C9 /* LaunchScreen.storyboard */; };
/* End PBXBuildFile section */

/* Begin PBXFileReference section */
		32AB4B44D3CC97E0F754BE42 /* Pods-alyef.debug.xcconfig */ = {isa = PBXFileReference; includeInIndex = 1; lastKnownFileType = text.xcconfig; name = "Pods-alyef.debug.xcconfig"; path = "Pods/Target Support Files/Pods-alyef/Pods-alyef.debug.xcconfig"; sourceTree = "<group>"; };
		D1C4641B222FA34E00ABEF1A /* Splash.swift */ = {isa = PBXFileReference; fileEncoding = 4; lastKnownFileType = sourcecode.swift; path = Splash.swift; sourceTree = "<group>"; };
		D1C46426222FA88400ABEF1A /* Extes.swift */ = {isa = PBXFileReference; fileEncoding = 4; lastKnownFileType = sourcecode.swift; path = Extes.swift; sourceTree = "<group>"; };
		D1C46427222FA88400ABEF1A /* SysConnection.swift */ = {isa = PBXFileReference; fileEncoding = 4; lastKnownFileType = sourcecode.swift; path = SysConnection.swift; sourceTree = "<group>"; };
		D1C46428222FA88400ABEF1A /* CheckInternet.swift */ = {isa = PBXFileReference; fileEncoding = 4; lastKnownFileType = sourcecode.swift; path = CheckInternet.swift; sourceTree = "<group>"; };
		D1C46429222FA88400ABEF1A /* RemoveKeyboard.swift */ = {isa = PBXFileReference; fileEncoding = 4; lastKnownFileType = sourcecode.swift; path = RemoveKeyboard.swift; sourceTree = "<group>"; };
		D1C4642A222FA88400ABEF1A /* SysJsonData.swift */ = {isa = PBXFileReference; fileEncoding = 4; lastKnownFileType = sourcecode.swift; path = SysJsonData.swift; sourceTree = "<group>"; };
		D1C46431222FA8BC00ABEF1A /* jana.ttf */ = {isa = PBXFileReference; lastKnownFileType = file; path = jana.ttf; sourceTree = "<group>"; };
		D1C46434222FA90E00ABEF1A /* API.swift */ = {isa = PBXFileReference; lastKnownFileType = sourcecode.swift; path = API.swift; sourceTree = "<group>"; };
		D1C4643A222FB5AA00ABEF1A /* Advertise.swift */ = {isa = PBXFileReference; lastKnownFileType = sourcecode.swift; path = Advertise.swift; sourceTree = "<group>"; };
		D1C4643C222FBEC500ABEF1A /* GlobalVariables.swift */ = {isa = PBXFileReference; fileEncoding = 4; lastKnownFileType = sourcecode.swift; path = GlobalVariables.swift; sourceTree = "<group>"; };
		D1C4643F222FC0B400ABEF1A /* Mintainans_Servise.swift */ = {isa = PBXFileReference; lastKnownFileType = sourcecode.swift; path = Mintainans_Servise.swift; sourceTree = "<group>"; };
		D1CB9616222D66620046C0C9 /* alyef.app */ = {isa = PBXFileReference; explicitFileType = wrapper.application; includeInIndex = 0; path = alyef.app; sourceTree = BUILT_PRODUCTS_DIR; };
		D1CB9619222D66620046C0C9 /* AppDelegate.swift */ = {isa = PBXFileReference; lastKnownFileType = sourcecode.swift; path = AppDelegate.swift; sourceTree = "<group>"; };
		D1CB961B222D66620046C0C9 /* ViewController.swift */ = {isa = PBXFileReference; lastKnownFileType = sourcecode.swift; path = ViewController.swift; sourceTree = "<group>"; };
		D1CB961E222D66620046C0C9 /* Base */ = {isa = PBXFileReference; lastKnownFileType = file.storyboard; name = Base; path = Base.lproj/Main.storyboard; sourceTree = "<group>"; };
		D1CB9621222D66620046C0C9 /* alyef.xcdatamodel */ = {isa = PBXFileReference; lastKnownFileType = wrapper.xcdatamodel; path = alyef.xcdatamodel; sourceTree = "<group>"; };
		D1CB9623222D66660046C0C9 /* Assets.xcassets */ = {isa = PBXFileReference; lastKnownFileType = folder.assetcatalog; path = Assets.xcassets; sourceTree = "<group>"; };
		D1CB9626222D66660046C0C9 /* Base */ = {isa = PBXFileReference; lastKnownFileType = file.storyboard; name = Base; path = Base.lproj/LaunchScreen.storyboard; sourceTree = "<group>"; };
		D1CB9628222D66660046C0C9 /* Info.plist */ = {isa = PBXFileReference; lastKnownFileType = text.plist.xml; path = Info.plist; sourceTree = "<group>"; };
		D1D4BCD8222FCACB007D2FD6 /* Service.swift */ = {isa = PBXFileReference; lastKnownFileType = sourcecode.swift; path = Service.swift; sourceTree = "<group>"; };
		EB119D88D6A5053C29A7BEDA /* Pods_alyef.framework */ = {isa = PBXFileReference; explicitFileType = wrapper.framework; includeInIndex = 0; path = Pods_alyef.framework; sourceTree = BUILT_PRODUCTS_DIR; };
		FCC77E54E92267F901287742 /* Pods-alyef.release.xcconfig */ = {isa = PBXFileReference; includeInIndex = 1; lastKnownFileType = text.xcconfig; name = "Pods-alyef.release.xcconfig"; path = "Pods/Target Support Files/Pods-alyef/Pods-alyef.release.xcconfig"; sourceTree = "<group>"; };
/* End PBXFileReference section */

/* Begin PBXFrameworksBuildPhase section */
		D1CB9613222D66620046C0C9 /* Frameworks */ = {
			isa = PBXFrameworksBuildPhase;
			buildActionMask = 2147483647;
			files = (
				B28228E7CA8C7CCA8AE6DE61 /* Pods_alyef.framework in Frameworks */,
			);
			runOnlyForDeploymentPostprocessing = 0;
		};
/* End PBXFrameworksBuildPhase section */

/* Begin PBXGroup section */
		0AD991B0B18728484535EFC2 /* Frameworks */ = {
			isa = PBXGroup;
			children = (
				EB119D88D6A5053C29A7BEDA /* Pods_alyef.framework */,
			);
			name = Frameworks;
			sourceTree = "<group>";
		};
		3F64D87E2805774D98673FAA /* Pods */ = {
			isa = PBXGroup;
			children = (
				32AB4B44D3CC97E0F754BE42 /* Pods-alyef.debug.xcconfig */,
				FCC77E54E92267F901287742 /* Pods-alyef.release.xcconfig */,
			);
			name = Pods;
			sourceTree = "<group>";
		};
		D1C46425222FA87000ABEF1A /* Models */ = {
			isa = PBXGroup;
			children = (
				D1C46428222FA88400ABEF1A /* CheckInternet.swift */,
				D1C46426222FA88400ABEF1A /* Extes.swift */,
				D1C46429222FA88400ABEF1A /* RemoveKeyboard.swift */,
				D1C46427222FA88400ABEF1A /* SysConnection.swift */,
				D1C4643C222FBEC500ABEF1A /* GlobalVariables.swift */,
				D1C4642A222FA88400ABEF1A /* SysJsonData.swift */,
				D1C46434222FA90E00ABEF1A /* API.swift */,
			);
			path = Models;
			sourceTree = "<group>";
		};
		D1C46430222FA8A800ABEF1A /* Fonts */ = {
			isa = PBXGroup;
			children = (
				D1C46431222FA8BC00ABEF1A /* jana.ttf */,
			);
			name = Fonts;
			path = "New Group";
			sourceTree = "<group>";
		};
		D1C46439222FB57100ABEF1A /* Splash_Advertise */ = {
			isa = PBXGroup;
			children = (
				D1C4641B222FA34E00ABEF1A /* Splash.swift */,
				D1C4643A222FB5AA00ABEF1A /* Advertise.swift */,
			);
			path = Splash_Advertise;
			sourceTree = "<group>";
		};
		D1C4643E222FC01200ABEF1A /* Mintainans_Servise */ = {
			isa = PBXGroup;
			children = (
				D1C4643F222FC0B400ABEF1A /* Mintainans_Servise.swift */,
				D1D4BCD8222FCACB007D2FD6 /* Service.swift */,
			);
			path = Mintainans_Servise;
			sourceTree = "<group>";
		};
		D1CB960D222D66620046C0C9 = {
			isa = PBXGroup;
			children = (
				D1CB961D222D66620046C0C9 /* Main.storyboard */,
				D1CB9618222D66620046C0C9 /* alyef */,
				D1CB9617222D66620046C0C9 /* Products */,
				3F64D87E2805774D98673FAA /* Pods */,
				0AD991B0B18728484535EFC2 /* Frameworks */,
			);
			sourceTree = "<group>";
		};
		D1CB9617222D66620046C0C9 /* Products */ = {
			isa = PBXGroup;
			children = (
				D1CB9616222D66620046C0C9 /* alyef.app */,
			);
			name = Products;
			sourceTree = "<group>";
		};
		D1CB9618222D66620046C0C9 /* alyef */ = {
			isa = PBXGroup;
			children = (
				D1CB9619222D66620046C0C9 /* AppDelegate.swift */,
				D1CB961B222D66620046C0C9 /* ViewController.swift */,
				D1CB9623222D66660046C0C9 /* Assets.xcassets */,
				D1C4643E222FC01200ABEF1A /* Mintainans_Servise */,
				D1C46439222FB57100ABEF1A /* Splash_Advertise */,
				D1C46430222FA8A800ABEF1A /* Fonts */,
				D1C46425222FA87000ABEF1A /* Models */,
				D1CB9625222D66660046C0C9 /* LaunchScreen.storyboard */,
				D1CB9628222D66660046C0C9 /* Info.plist */,
				D1CB9620222D66620046C0C9 /* alyef.xcdatamodeld */,
			);
			path = alyef;
			sourceTree = "<group>";
		};
/* End PBXGroup section */

/* Begin PBXNativeTarget section */
		D1CB9615222D66620046C0C9 /* alyef */ = {
			isa = PBXNativeTarget;
			buildConfigurationList = D1CB962B222D66660046C0C9 /* Build configuration list for PBXNativeTarget "alyef" */;
			buildPhases = (
				693419CCD866A1A8F6515F0E /* [CP] Check Pods Manifest.lock */,
				D1CB9612222D66620046C0C9 /* Sources */,
				D1CB9613222D66620046C0C9 /* Frameworks */,
				D1CB9614222D66620046C0C9 /* Resources */,
				E2D2999856BEDE78EF9BBC27 /* [CP] Embed Pods Frameworks */,
			);
			buildRules = (
			);
			dependencies = (
			);
			name = alyef;
			productName = alyef;
			productReference = D1CB9616222D66620046C0C9 /* alyef.app */;
			productType = "com.apple.product-type.application";
		};
/* End PBXNativeTarget section */

/* Begin PBXProject section */
		D1CB960E222D66620046C0C9 /* Project object */ = {
			isa = PBXProject;
			attributes = {
				LastSwiftUpdateCheck = 1000;
				LastUpgradeCheck = 1000;
				ORGANIZATIONNAME = awad;
				TargetAttributes = {
					D1CB9615222D66620046C0C9 = {
						CreatedOnToolsVersion = 10.0;
					};
				};
			};
			buildConfigurationList = D1CB9611222D66620046C0C9 /* Build configuration list for PBXProject "alyef" */;
			compatibilityVersion = "Xcode 9.3";
			developmentRegion = en;
			hasScannedForEncodings = 0;
			knownRegions = (
				en,
				Base,
			);
			mainGroup = D1CB960D222D66620046C0C9;
			productRefGroup = D1CB9617222D66620046C0C9 /* Products */;
			projectDirPath = "";
			projectRoot = "";
			targets = (
				D1CB9615222D66620046C0C9 /* alyef */,
			);
		};
/* End PBXProject section */

/* Begin PBXResourcesBuildPhase section */
		D1CB9614222D66620046C0C9 /* Resources */ = {
			isa = PBXResourcesBuildPhase;
			buildActionMask = 2147483647;
			files = (
				D1CB9627222D66660046C0C9 /* LaunchScreen.storyboard in Resources */,
				D1C46432222FA8BC00ABEF1A /* jana.ttf in Resources */,
				D1CB9624222D66660046C0C9 /* Assets.xcassets in Resources */,
				D1CB961F222D66620046C0C9 /* Main.storyboard in Resources */,
			);
			runOnlyForDeploymentPostprocessing = 0;
		};
/* End PBXResourcesBuildPhase section */

/* Begin PBXShellScriptBuildPhase section */
		693419CCD866A1A8F6515F0E /* [CP] Check Pods Manifest.lock */ = {
			isa = PBXShellScriptBuildPhase;
			buildActionMask = 2147483647;
			files = (
			);
			inputFileListPaths = (
			);
			inputPaths = (
				"${PODS_PODFILE_DIR_PATH}/Podfile.lock",
				"${PODS_ROOT}/Manifest.lock",
			);
			name = "[CP] Check Pods Manifest.lock";
			outputFileListPaths = (
			);
			outputPaths = (
				"$(DERIVED_FILE_DIR)/Pods-alyef-checkManifestLockResult.txt",
			);
			runOnlyForDeploymentPostprocessing = 0;
			shellPath = /bin/sh;
			shellScript = "diff \"${PODS_PODFILE_DIR_PATH}/Podfile.lock\" \"${PODS_ROOT}/Manifest.lock\" > /dev/null\nif [ $? != 0 ] ; then\n    # print error to STDERR\n    echo \"error: The sandbox is not in sync with the Podfile.lock. Run 'pod install' or update your CocoaPods installation.\" >&2\n    exit 1\nfi\n# This output is used by Xcode 'outputs' to avoid re-running this script phase.\necho \"SUCCESS\" > \"${SCRIPT_OUTPUT_FILE_0}\"\n";
			showEnvVarsInLog = 0;
		};
		E2D2999856BEDE78EF9BBC27 /* [CP] Embed Pods Frameworks */ = {
			isa = PBXShellScriptBuildPhase;
			buildActionMask = 2147483647;
			files = (
			);
			inputFileListPaths = (
			);
			inputPaths = (
				"${SRCROOT}/Pods/Target Support Files/Pods-alyef/Pods-alyef-frameworks.sh",
				"${BUILT_PRODUCTS_DIR}/Alamofire/Alamofire.framework",
				"${BUILT_PRODUCTS_DIR}/AlamofireImage/AlamofireImage.framework",
				"${BUILT_PRODUCTS_DIR}/NVActivityIndicatorView/NVActivityIndicatorView.framework",
				"${BUILT_PRODUCTS_DIR}/SwiftyJSON/SwiftyJSON.framework",
				"${BUILT_PRODUCTS_DIR}/Toast-Swift/Toast_Swift.framework",
				"${BUILT_PRODUCTS_DIR}/TransitionButton/TransitionButton.framework",
			);
			name = "[CP] Embed Pods Frameworks";
			outputFileListPaths = (
			);
			outputPaths = (
				"${TARGET_BUILD_DIR}/${FRAMEWORKS_FOLDER_PATH}/Alamofire.framework",
				"${TARGET_BUILD_DIR}/${FRAMEWORKS_FOLDER_PATH}/AlamofireImage.framework",
				"${TARGET_BUILD_DIR}/${FRAMEWORKS_FOLDER_PATH}/NVActivityIndicatorView.framework",
				"${TARGET_BUILD_DIR}/${FRAMEWORKS_FOLDER_PATH}/SwiftyJSON.framework",
				"${TARGET_BUILD_DIR}/${FRAMEWORKS_FOLDER_PATH}/Toast_Swift.framework",
				"${TARGET_BUILD_DIR}/${FRAMEWORKS_FOLDER_PATH}/TransitionButton.framework",
			);
			runOnlyForDeploymentPostprocessing = 0;
			shellPath = /bin/sh;
			shellScript = "\"${SRCROOT}/Pods/Target Support Files/Pods-alyef/Pods-alyef-frameworks.sh\"\n";
			showEnvVarsInLog = 0;
		};
/* End PBXShellScriptBuildPhase section */

/* Begin PBXSourcesBuildPhase section */
		D1CB9612222D66620046C0C9 /* Sources */ = {
			isa = PBXSourcesBuildPhase;
			buildActionMask = 2147483647;
			files = (
				D1C46436222FA90E00ABEF1A /* API.swift in Sources */,
				D1D4BCD9222FCACB007D2FD6 /* Service.swift in Sources */,
				D1C4642D222FA88400ABEF1A /* CheckInternet.swift in Sources */,
				D1CB961C222D66620046C0C9 /* ViewController.swift in Sources */,
				D1C4642C222FA88400ABEF1A /* SysConnection.swift in Sources */,
				D1C4642B222FA88400ABEF1A /* Extes.swift in Sources */,
				D1CB9622222D66620046C0C9 /* alyef.xcdatamodeld in Sources */,
				D1C4643D222FBEC500ABEF1A /* GlobalVariables.swift in Sources */,
				D1C4641C222FA34E00ABEF1A /* Splash.swift in Sources */,
				D1C4642F222FA88400ABEF1A /* SysJsonData.swift in Sources */,
				D1C4642E222FA88400ABEF1A /* RemoveKeyboard.swift in Sources */,
				D1C46440222FC0B400ABEF1A /* Mintainans_Servise.swift in Sources */,
				D1CB961A222D66620046C0C9 /* AppDelegate.swift in Sources */,
				D1C4643B222FB5AA00ABEF1A /* Advertise.swift in Sources */,
			);
			runOnlyForDeploymentPostprocessing = 0;
		};
/* End PBXSourcesBuildPhase section */

/* Begin PBXVariantGroup section */
		D1CB961D222D66620046C0C9 /* Main.storyboard */ = {
			isa = PBXVariantGroup;
			children = (
				D1CB961E222D66620046C0C9 /* Base */,
			);
			name = Main.storyboard;
			sourceTree = "<group>";
		};
		D1CB9625222D66660046C0C9 /* LaunchScreen.storyboard */ = {
			isa = PBXVariantGroup;
			children = (
				D1CB9626222D66660046C0C9 /* Base */,
			);
			name = LaunchScreen.storyboard;
			sourceTree = "<group>";
		};
/* End PBXVariantGroup section */

/* Begin XCBuildConfiguration section */
		D1CB9629222D66660046C0C9 /* Debug */ = {
			isa = XCBuildConfiguration;
			buildSettings = {
				ALWAYS_SEARCH_USER_PATHS = NO;
				CLANG_ANALYZER_NONNULL = YES;
				CLANG_ANALYZER_NUMBER_OBJECT_CONVERSION = YES_AGGRESSIVE;
				CLANG_CXX_LANGUAGE_STANDARD = "gnu++14";
				CLANG_CXX_LIBRARY = "libc++";
				CLANG_ENABLE_MODULES = YES;
				CLANG_ENABLE_OBJC_ARC = YES;
				CLANG_ENABLE_OBJC_WEAK = YES;
				CLANG_WARN_BLOCK_CAPTURE_AUTORELEASING = YES;
				CLANG_WARN_BOOL_CONVERSION = YES;
				CLANG_WARN_COMMA = YES;
				CLANG_WARN_CONSTANT_CONVERSION = YES;
				CLANG_WARN_DEPRECATED_OBJC_IMPLEMENTATIONS = YES;
				CLANG_WARN_DIRECT_OBJC_ISA_USAGE = YES_ERROR;
				CLANG_WARN_DOCUMENTATION_COMMENTS = YES;
				CLANG_WARN_EMPTY_BODY = YES;
				CLANG_WARN_ENUM_CONVERSION = YES;
				CLANG_WARN_INFINITE_RECURSION = YES;
				CLANG_WARN_INT_CONVERSION = YES;
				CLANG_WARN_NON_LITERAL_NULL_CONVERSION = YES;
				CLANG_WARN_OBJC_IMPLICIT_RETAIN_SELF = YES;
				CLANG_WARN_OBJC_LITERAL_CONVERSION = YES;
				CLANG_WARN_OBJC_ROOT_CLASS = YES_ERROR;
				CLANG_WARN_RANGE_LOOP_ANALYSIS = YES;
				CLANG_WARN_STRICT_PROTOTYPES = YES;
				CLANG_WARN_SUSPICIOUS_MOVE = YES;
				CLANG_WARN_UNGUARDED_AVAILABILITY = YES_AGGRESSIVE;
				CLANG_WARN_UNREACHABLE_CODE = YES;
				CLANG_WARN__DUPLICATE_METHOD_MATCH = YES;
				CODE_SIGN_IDENTITY = "iPhone Developer";
				COPY_PHASE_STRIP = NO;
				DEBUG_INFORMATION_FORMAT = dwarf;
				ENABLE_STRICT_OBJC_MSGSEND = YES;
				ENABLE_TESTABILITY = YES;
				GCC_C_LANGUAGE_STANDARD = gnu11;
				GCC_DYNAMIC_NO_PIC = NO;
				GCC_NO_COMMON_BLOCKS = YES;
				GCC_OPTIMIZATION_LEVEL = 0;
				GCC_PREPROCESSOR_DEFINITIONS = (
					"DEBUG=1",
					"$(inherited)",
				);
				GCC_WARN_64_TO_32_BIT_CONVERSION = YES;
				GCC_WARN_ABOUT_RETURN_TYPE = YES_ERROR;
				GCC_WARN_UNDECLARED_SELECTOR = YES;
				GCC_WARN_UNINITIALIZED_AUTOS = YES_AGGRESSIVE;
				GCC_WARN_UNUSED_FUNCTION = YES;
				GCC_WARN_UNUSED_VARIABLE = YES;
				IPHONEOS_DEPLOYMENT_TARGET = 12.0;
				MTL_ENABLE_DEBUG_INFO = INCLUDE_SOURCE;
				MTL_FAST_MATH = YES;
				ONLY_ACTIVE_ARCH = YES;
				SDKROOT = iphoneos;
				SWIFT_ACTIVE_COMPILATION_CONDITIONS = DEBUG;
				SWIFT_OPTIMIZATION_LEVEL = "-Onone";
			};
			name = Debug;
		};
		D1CB962A222D66660046C0C9 /* Release */ = {
			isa = XCBuildConfiguration;
			buildSettings = {
				ALWAYS_SEARCH_USER_PATHS = NO;
				CLANG_ANALYZER_NONNULL = YES;
				CLANG_ANALYZER_NUMBER_OBJECT_CONVERSION = YES_AGGRESSIVE;
				CLANG_CXX_LANGUAGE_STANDARD = "gnu++14";
				CLANG_CXX_LIBRARY = "libc++";
				CLANG_ENABLE_MODULES = YES;
				CLANG_ENABLE_OBJC_ARC = YES;
				CLANG_ENABLE_OBJC_WEAK = YES;
				CLANG_WARN_BLOCK_CAPTURE_AUTORELEASING = YES;
				CLANG_WARN_BOOL_CONVERSION = YES;
				CLANG_WARN_COMMA = YES;
				CLANG_WARN_CONSTANT_CONVERSION = YES;
				CLANG_WARN_DEPRECATED_OBJC_IMPLEMENTATIONS = YES;
				CLANG_WARN_DIRECT_OBJC_ISA_USAGE = YES_ERROR;
				CLANG_WARN_DOCUMENTATION_COMMENTS = YES;
				CLANG_WARN_EMPTY_BODY = YES;
				CLANG_WARN_ENUM_CONVERSION = YES;
				CLANG_WARN_INFINITE_RECURSION = YES;
				CLANG_WARN_INT_CONVERSION = YES;
				CLANG_WARN_NON_LITERAL_NULL_CONVERSION = YES;
				CLANG_WARN_OBJC_IMPLICIT_RETAIN_SELF = YES;
				CLANG_WARN_OBJC_LITERAL_CONVERSION = YES;
				CLANG_WARN_OBJC_ROOT_CLASS = YES_ERROR;
				CLANG_WARN_RANGE_LOOP_ANALYSIS = YES;
				CLANG_WARN_STRICT_PROTOTYPES = YES;
				CLANG_WARN_SUSPICIOUS_MOVE = YES;
				CLANG_WARN_UNGUARDED_AVAILABILITY = YES_AGGRESSIVE;
				CLANG_WARN_UNREACHABLE_CODE = YES;
				CLANG_WARN__DUPLICATE_METHOD_MATCH = YES;
				CODE_SIGN_IDENTITY = "iPhone Developer";
				COPY_PHASE_STRIP = NO;
				DEBUG_INFORMATION_FORMAT = "dwarf-with-dsym";
				ENABLE_NS_ASSERTIONS = NO;
				ENABLE_STRICT_OBJC_MSGSEND = YES;
				GCC_C_LANGUAGE_STANDARD = gnu11;
				GCC_NO_COMMON_BLOCKS = YES;
				GCC_WARN_64_TO_32_BIT_CONVERSION = YES;
				GCC_WARN_ABOUT_RETURN_TYPE = YES_ERROR;
				GCC_WARN_UNDECLARED_SELECTOR = YES;
				GCC_WARN_UNINITIALIZED_AUTOS = YES_AGGRESSIVE;
				GCC_WARN_UNUSED_FUNCTION = YES;
				GCC_WARN_UNUSED_VARIABLE = YES;
				IPHONEOS_DEPLOYMENT_TARGET = 12.0;
				MTL_ENABLE_DEBUG_INFO = NO;
				MTL_FAST_MATH = YES;
				SDKROOT = iphoneos;
				SWIFT_COMPILATION_MODE = wholemodule;
				SWIFT_OPTIMIZATION_LEVEL = "-O";
				VALIDATE_PRODUCT = YES;
			};
			name = Release;
		};
		D1CB962C222D66660046C0C9 /* Debug */ = {
			isa = XCBuildConfiguration;
			baseConfigurationReference = 32AB4B44D3CC97E0F754BE42 /* Pods-alyef.debug.xcconfig */;
			buildSettings = {
				ASSETCATALOG_COMPILER_APPICON_NAME = AppIcon;
				CODE_SIGN_STYLE = Automatic;
				DEVELOPMENT_TEAM = 5356BACHNF;
				INFOPLIST_FILE = alyef/Info.plist;
				LD_RUNPATH_SEARCH_PATHS = (
					"$(inherited)",
					"@executable_path/Frameworks",
				);
				PRODUCT_BUNDLE_IDENTIFIER = fahad.alryf.com.alyef;
				PRODUCT_NAME = "$(TARGET_NAME)";
				SWIFT_VERSION = 4.2;
				TARGETED_DEVICE_FAMILY = "1,2";
			};
			name = Debug;
		};
		D1CB962D222D66660046C0C9 /* Release */ = {
			isa = XCBuildConfiguration;
			baseConfigurationReference = FCC77E54E92267F901287742 /* Pods-alyef.release.xcconfig */;
			buildSettings = {
				ASSETCATALOG_COMPILER_APPICON_NAME = AppIcon;
				CODE_SIGN_STYLE = Automatic;
				DEVELOPMENT_TEAM = 5356BACHNF;
				INFOPLIST_FILE = alyef/Info.plist;
				LD_RUNPATH_SEARCH_PATHS = (
					"$(inherited)",
					"@executable_path/Frameworks",
				);
				PRODUCT_BUNDLE_IDENTIFIER = fahad.alryf.com.alyef;
				PRODUCT_NAME = "$(TARGET_NAME)";
				SWIFT_VERSION = 4.2;
				TARGETED_DEVICE_FAMILY = "1,2";
			};
			name = Release;
		};
/* End XCBuildConfiguration section */

/* Begin XCConfigurationList section */
		D1CB9611222D66620046C0C9 /* Build configuration list for PBXProject "alyef" */ = {
			isa = XCConfigurationList;
			buildConfigurations = (
				D1CB9629222D66660046C0C9 /* Debug */,
				D1CB962A222D66660046C0C9 /* Release */,
			);
			defaultConfigurationIsVisible = 0;
			defaultConfigurationName = Release;
		};
		D1CB962B222D66660046C0C9 /* Build configuration list for PBXNativeTarget "alyef" */ = {
			isa = XCConfigurationList;
			buildConfigurations = (
				D1CB962C222D66660046C0C9 /* Debug */,
				D1CB962D222D66660046C0C9 /* Release */,
			);
			defaultConfigurationIsVisible = 0;
			defaultConfigurationName = Release;
		};
/* End XCConfigurationList section */

/* Begin XCVersionGroup section */
		D1CB9620222D66620046C0C9 /* alyef.xcdatamodeld */ = {
			isa = XCVersionGroup;
			children = (
				D1CB9621222D66620046C0C9 /* alyef.xcdatamodel */,
			);
			currentVersion = D1CB9621222D66620046C0C9 /* alyef.xcdatamodel */;
			path = alyef.xcdatamodeld;
			sourceTree = "<group>";
			versionGroupType = wrapper.xcdatamodel;
		};
/* End XCVersionGroup section */
	};
	rootObject = D1CB960E222D66620046C0C9 /* Project object */;
}
