PODS:
  - Alamofire (4.8.1)
  - AlamofireImage (3.5.0):
    - Alamofire (~> 4.8)
  - NVActivityIndicatorView (4.5.1):
    - NVActivityIndicatorView/Presenter (= 4.5.1)
  - NVActivityIndicatorView/Presenter (4.5.1)
  - SwiftyJSON (4.2.0)
  - Toast-Swift (4.0.1)
  - TransitionButton (0.5.2)

DEPENDENCIES:
  - Alamofire
  - AlamofireImage
  - NVActivityIndicatorView
  - SwiftyJSON
  - Toast-Swift (~> 4.0.0)
  - TransitionButton

SPEC REPOS:
  https://github.com/cocoapods/specs.git:
    - Alamofire
    - AlamofireImage
    - NVActivityIndicatorView
    - SwiftyJSON
    - Toast-Swift
    - TransitionButton

SPEC CHECKSUMS:
  Alamofire: 16ce2c353fb72865124ddae8a57c5942388f4f11
  AlamofireImage: 1aea346f4dda2f6c67622fa5a89fcbb80d79cc16
  NVActivityIndicatorView: ec34a7b88c51fab270004a1a1f32116e711010cd
  SwiftyJSON: c4bcba26dd9ec7a027fc8eade48e2c911f229e96
  Toast-Swift: e42a638589a2f95036b4bb7626cfbdde7daf0393
  TransitionButton: fb271583d9c9e4bb116b97103047e5157653f233

PODFILE CHECKSUM: 51f0bdf6108856a0e3f6113aabf4412cc184e45b

COCOAPODS: 1.5.3
